// !$*UTF8*$!
{
	archiveVersion = 1;
	classes = {
	};
	objectVersion = 46;
	objects = {

/* Begin PBXBuildFile section */
		3C0356314E6A5D53EE425C24 /* Pods_VenDecor.framework in Frameworks */ = {isa = PBXBuildFile; fileRef = 7D96E1BC62F7158C6E662DC3 /* Pods_VenDecor.framework */; };
		4C1CCD111CA6E9CD002C39E2 /* SWRevealViewController.m in Sources */ = {isa = PBXBuildFile; fileRef = 4C1CCD101CA6E9CD002C39E2 /* SWRevealViewController.m */; };
		4C1CCD161CA6FA83002C39E2 /* home.png in Resources */ = {isa = PBXBuildFile; fileRef = 4C1CCD151CA6FA83002C39E2 /* home.png */; };
		4C1CCD181CA6FB32002C39E2 /* sell-sidebar.png in Resources */ = {isa = PBXBuildFile; fileRef = 4C1CCD171CA6FB32002C39E2 /* sell-sidebar.png */; };
		4C1CCD1A1CA6FB89002C39E2 /* saved-posts.png in Resources */ = {isa = PBXBuildFile; fileRef = 4C1CCD191CA6FB89002C39E2 /* saved-posts.png */; };
		4C1CCD1C1CA6FBE8002C39E2 /* messages.png in Resources */ = {isa = PBXBuildFile; fileRef = 4C1CCD1B1CA6FBE8002C39E2 /* messages.png */; };
		4C1CCD241CA706FA002C39E2 /* my-account.png in Resources */ = {isa = PBXBuildFile; fileRef = 4C1CCD231CA706FA002C39E2 /* my-account.png */; };
		4C1CCD281CA7770D002C39E2 /* Sample.png in Resources */ = {isa = PBXBuildFile; fileRef = 4C1CCD271CA7770D002C39E2 /* Sample.png */; };
		4C1CCD2A1CA781A0002C39E2 /* MessageViewController.swift in Sources */ = {isa = PBXBuildFile; fileRef = 4C1CCD291CA781A0002C39E2 /* MessageViewController.swift */; };
		4C4079031CA5F6EE001CDA64 /* burgerMenu.png in Resources */ = {isa = PBXBuildFile; fileRef = 4C4079021CA5F6EE001CDA64 /* burgerMenu.png */; };
		4C51E1F61C9F628900622B71 /* HomeTableViewController.swift in Sources */ = {isa = PBXBuildFile; fileRef = 4C51E1F51C9F628900622B71 /* HomeTableViewController.swift */; };
		4C51E1F81C9F62DE00622B71 /* HomeTableViewCell.swift in Sources */ = {isa = PBXBuildFile; fileRef = 4C51E1F71C9F62DE00622B71 /* HomeTableViewCell.swift */; };
		4C51E2021C9F7A1500622B71 /* camera.png in Resources */ = {isa = PBXBuildFile; fileRef = 4C51E2011C9F7A1500622B71 /* camera.png */; };
		4C977A321C9240680000A985 /* AppDelegate.swift in Sources */ = {isa = PBXBuildFile; fileRef = 4C977A311C9240680000A985 /* AppDelegate.swift */; };
		4C977A341C9240680000A985 /* ViewController.swift in Sources */ = {isa = PBXBuildFile; fileRef = 4C977A331C9240680000A985 /* ViewController.swift */; };
		4C977A391C9240680000A985 /* Assets.xcassets in Resources */ = {isa = PBXBuildFile; fileRef = 4C977A381C9240680000A985 /* Assets.xcassets */; };
		4C977A3C1C9240680000A985 /* LaunchScreen.storyboard in Resources */ = {isa = PBXBuildFile; fileRef = 4C977A3A1C9240680000A985 /* LaunchScreen.storyboard */; };
		4C977A441C9248810000A985 /* SignupViewController.swift in Sources */ = {isa = PBXBuildFile; fileRef = 4C977A431C9248810000A985 /* SignupViewController.swift */; };
		4CF0105B1C9C8F0B00F01F33 /* AccountViewController.swift in Sources */ = {isa = PBXBuildFile; fileRef = 4CF0105A1C9C8F0B00F01F33 /* AccountViewController.swift */; };
		71EE4A681C9F415100A37B51 /* profile.png in Resources */ = {isa = PBXBuildFile; fileRef = 71EE4A661C9F415100A37B51 /* profile.png */; };
		71EE4A6B1C9F438400A37B51 /* Logo.png in Resources */ = {isa = PBXBuildFile; fileRef = 71EE4A691C9F438400A37B51 /* Logo.png */; };
		71EE4A6C1C9F438400A37B51 /* SingleLineLogo.png in Resources */ = {isa = PBXBuildFile; fileRef = 71EE4A6A1C9F438400A37B51 /* SingleLineLogo.png */; };
		9C0D052D1CA377F300AF897C /* sell.png in Resources */ = {isa = PBXBuildFile; fileRef = 9C0D052C1CA377F300AF897C /* sell.png */; };
		9C0D05311CA379E600AF897C /* photo.png in Resources */ = {isa = PBXBuildFile; fileRef = 9C0D05301CA379E600AF897C /* photo.png */; };
		9C0D05341CA3828100AF897C /* GROUP11README.rtf in Resources */ = {isa = PBXBuildFile; fileRef = 9C0D05331CA3828100AF897C /* GROUP11README.rtf */; };
		9C20CE781CA34A3E0061AC7F /* Main.storyboard in Resources */ = {isa = PBXBuildFile; fileRef = 9C20CE771CA34A3E0061AC7F /* Main.storyboard */; };
		9C56BBB11CB32C95003723C9 /* MyMessagesTableViewController.swift in Sources */ = {isa = PBXBuildFile; fileRef = 9C56BBB01CB32C95003723C9 /* MyMessagesTableViewController.swift */; };
		9C84825C1CAB474600ABE9B2 /* cogwheel.png in Resources */ = {isa = PBXBuildFile; fileRef = 9C84825B1CAB474600ABE9B2 /* cogwheel.png */; };
		9C8482601CAB4D0A00ABE9B2 /* SettingsTableViewController.swift in Sources */ = {isa = PBXBuildFile; fileRef = 9C84825F1CAB4D0A00ABE9B2 /* SettingsTableViewController.swift */; };
		9CFA7DE51CA208A3009D7FB2 /* PostTemplateViewController.swift in Sources */ = {isa = PBXBuildFile; fileRef = 9CFA7DE41CA208A3009D7FB2 /* PostTemplateViewController.swift */; };
/* End PBXBuildFile section */

/* Begin PBXFileReference section */
		4C1CCD0E1CA6E9CD002C39E2 /* VenDecor-Bridging-Header.h */ = {isa = PBXFileReference; lastKnownFileType = sourcecode.c.h; path = "VenDecor-Bridging-Header.h"; sourceTree = "<group>"; };
		4C1CCD0F1CA6E9CD002C39E2 /* SWRevealViewController.h */ = {isa = PBXFileReference; fileEncoding = 4; lastKnownFileType = sourcecode.c.h; path = SWRevealViewController.h; sourceTree = "<group>"; };
		4C1CCD101CA6E9CD002C39E2 /* SWRevealViewController.m */ = {isa = PBXFileReference; fileEncoding = 4; lastKnownFileType = sourcecode.c.objc; path = SWRevealViewController.m; sourceTree = "<group>"; };
		4C1CCD151CA6FA83002C39E2 /* home.png */ = {isa = PBXFileReference; lastKnownFileType = image.png; path = home.png; sourceTree = "<group>"; };
		4C1CCD171CA6FB32002C39E2 /* sell-sidebar.png */ = {isa = PBXFileReference; lastKnownFileType = image.png; path = "sell-sidebar.png"; sourceTree = "<group>"; };
		4C1CCD191CA6FB89002C39E2 /* saved-posts.png */ = {isa = PBXFileReference; lastKnownFileType = image.png; path = "saved-posts.png"; sourceTree = "<group>"; };
		4C1CCD1B1CA6FBE8002C39E2 /* messages.png */ = {isa = PBXFileReference; lastKnownFileType = image.png; path = messages.png; sourceTree = "<group>"; };
		4C1CCD231CA706FA002C39E2 /* my-account.png */ = {isa = PBXFileReference; lastKnownFileType = image.png; path = "my-account.png"; sourceTree = "<group>"; };
		4C1CCD271CA7770D002C39E2 /* Sample.png */ = {isa = PBXFileReference; lastKnownFileType = image.png; path = Sample.png; sourceTree = "<group>"; };
		4C1CCD291CA781A0002C39E2 /* MessageViewController.swift */ = {isa = PBXFileReference; fileEncoding = 4; lastKnownFileType = sourcecode.swift; path = MessageViewController.swift; sourceTree = "<group>"; };
		4C4079021CA5F6EE001CDA64 /* burgerMenu.png */ = {isa = PBXFileReference; lastKnownFileType = image.png; path = burgerMenu.png; sourceTree = "<group>"; };
		4C51E1F51C9F628900622B71 /* HomeTableViewController.swift */ = {isa = PBXFileReference; fileEncoding = 4; lastKnownFileType = sourcecode.swift; path = HomeTableViewController.swift; sourceTree = "<group>"; };
		4C51E1F71C9F62DE00622B71 /* HomeTableViewCell.swift */ = {isa = PBXFileReference; fileEncoding = 4; lastKnownFileType = sourcecode.swift; path = HomeTableViewCell.swift; sourceTree = "<group>"; };
		4C51E2011C9F7A1500622B71 /* camera.png */ = {isa = PBXFileReference; lastKnownFileType = image.png; path = camera.png; sourceTree = SOURCE_ROOT; };
		4C977A2E1C9240680000A985 /* VenDecor.app */ = {isa = PBXFileReference; explicitFileType = wrapper.application; includeInIndex = 0; path = VenDecor.app; sourceTree = BUILT_PRODUCTS_DIR; };
		4C977A311C9240680000A985 /* AppDelegate.swift */ = {isa = PBXFileReference; lastKnownFileType = sourcecode.swift; path = AppDelegate.swift; sourceTree = "<group>"; };
		4C977A331C9240680000A985 /* ViewController.swift */ = {isa = PBXFileReference; lastKnownFileType = sourcecode.swift; path = ViewController.swift; sourceTree = "<group>"; };
		4C977A381C9240680000A985 /* Assets.xcassets */ = {isa = PBXFileReference; lastKnownFileType = folder.assetcatalog; path = Assets.xcassets; sourceTree = "<group>"; };
		4C977A3B1C9240680000A985 /* Base */ = {isa = PBXFileReference; lastKnownFileType = file.storyboard; name = Base; path = Base.lproj/LaunchScreen.storyboard; sourceTree = "<group>"; };
		4C977A3D1C9240680000A985 /* Info.plist */ = {isa = PBXFileReference; lastKnownFileType = text.plist.xml; path = Info.plist; sourceTree = "<group>"; };
		4C977A431C9248810000A985 /* SignupViewController.swift */ = {isa = PBXFileReference; fileEncoding = 4; lastKnownFileType = sourcecode.swift; path = SignupViewController.swift; sourceTree = "<group>"; };
		4CF0105A1C9C8F0B00F01F33 /* AccountViewController.swift */ = {isa = PBXFileReference; fileEncoding = 4; lastKnownFileType = sourcecode.swift; path = AccountViewController.swift; sourceTree = "<group>"; };
		71EE4A661C9F415100A37B51 /* profile.png */ = {isa = PBXFileReference; lastKnownFileType = image.png; path = profile.png; sourceTree = "<group>"; };
		71EE4A691C9F438400A37B51 /* Logo.png */ = {isa = PBXFileReference; lastKnownFileType = image.png; path = Logo.png; sourceTree = "<group>"; };
		71EE4A6A1C9F438400A37B51 /* SingleLineLogo.png */ = {isa = PBXFileReference; lastKnownFileType = image.png; path = SingleLineLogo.png; sourceTree = "<group>"; };
		7D96E1BC62F7158C6E662DC3 /* Pods_VenDecor.framework */ = {isa = PBXFileReference; explicitFileType = wrapper.framework; includeInIndex = 0; path = Pods_VenDecor.framework; sourceTree = BUILT_PRODUCTS_DIR; };
		98363C8C91B7119F33DF75E6 /* Pods-VenDecor.release.xcconfig */ = {isa = PBXFileReference; includeInIndex = 1; lastKnownFileType = text.xcconfig; name = "Pods-VenDecor.release.xcconfig"; path = "Pods/Target Support Files/Pods-VenDecor/Pods-VenDecor.release.xcconfig"; sourceTree = "<group>"; };
		9C0D052C1CA377F300AF897C /* sell.png */ = {isa = PBXFileReference; lastKnownFileType = image.png; path = sell.png; sourceTree = "<group>"; };
		9C0D05301CA379E600AF897C /* photo.png */ = {isa = PBXFileReference; lastKnownFileType = image.png; path = photo.png; sourceTree = "<group>"; };
		9C0D05331CA3828100AF897C /* GROUP11README.rtf */ = {isa = PBXFileReference; fileEncoding = 4; lastKnownFileType = text.rtf; path = GROUP11README.rtf; sourceTree = "<group>"; };
		9C20CE771CA34A3E0061AC7F /* Main.storyboard */ = {isa = PBXFileReference; fileEncoding = 4; lastKnownFileType = file.storyboard; path = Main.storyboard; sourceTree = "<group>"; };
		9C56BBB01CB32C95003723C9 /* MyMessagesTableViewController.swift */ = {isa = PBXFileReference; fileEncoding = 4; lastKnownFileType = sourcecode.swift; path = MyMessagesTableViewController.swift; sourceTree = "<group>"; };
		9C84825B1CAB474600ABE9B2 /* cogwheel.png */ = {isa = PBXFileReference; lastKnownFileType = image.png; path = cogwheel.png; sourceTree = SOURCE_ROOT; };
		9C84825F1CAB4D0A00ABE9B2 /* SettingsTableViewController.swift */ = {isa = PBXFileReference; fileEncoding = 4; lastKnownFileType = sourcecode.swift; path = SettingsTableViewController.swift; sourceTree = "<group>"; };
		9CFA7DE41CA208A3009D7FB2 /* PostTemplateViewController.swift */ = {isa = PBXFileReference; fileEncoding = 4; lastKnownFileType = sourcecode.swift; path = PostTemplateViewController.swift; sourceTree = "<group>"; };
		A2E6D9FA1C003CA6EC5055F9 /* Pods-VenDecor.debug.xcconfig */ = {isa = PBXFileReference; includeInIndex = 1; lastKnownFileType = text.xcconfig; name = "Pods-VenDecor.debug.xcconfig"; path = "Pods/Target Support Files/Pods-VenDecor/Pods-VenDecor.debug.xcconfig"; sourceTree = "<group>"; };
/* End PBXFileReference section */

/* Begin PBXFrameworksBuildPhase section */
		4C977A2B1C9240680000A985 /* Frameworks */ = {
			isa = PBXFrameworksBuildPhase;
			buildActionMask = 2147483647;
			files = (
				3C0356314E6A5D53EE425C24 /* Pods_VenDecor.framework in Frameworks */,
			);
			runOnlyForDeploymentPostprocessing = 0;
		};
/* End PBXFrameworksBuildPhase section */

/* Begin PBXGroup section */
		4C1CCD121CA6E9D5002C39E2 /* slideout */ = {
			isa = PBXGroup;
			children = (
				4C1CCD0E1CA6E9CD002C39E2 /* VenDecor-Bridging-Header.h */,
				4C1CCD0F1CA6E9CD002C39E2 /* SWRevealViewController.h */,
				4C1CCD101CA6E9CD002C39E2 /* SWRevealViewController.m */,
			);
			name = slideout;
			sourceTree = "<group>";
		};
		4C977A251C9240680000A985 = {
			isa = PBXGroup;
			children = (
				4C977A301C9240680000A985 /* VenDecor */,
				4C977A2F1C9240680000A985 /* Products */,
				FED60D01858869C0F38F5A92 /* Pods */,
				546BAC97EFAD1A924727D7E9 /* Frameworks */,
			);
			sourceTree = "<group>";
		};
		4C977A2F1C9240680000A985 /* Products */ = {
			isa = PBXGroup;
			children = (
				4C977A2E1C9240680000A985 /* VenDecor.app */,
			);
			name = Products;
			sourceTree = "<group>";
		};
		4C977A301C9240680000A985 /* VenDecor */ = {
			isa = PBXGroup;
			children = (
				4C1CCD121CA6E9D5002C39E2 /* slideout */,
				9C0D05321CA3815000AF897C /* images */,
				4C977A311C9240680000A985 /* AppDelegate.swift */,
				4C977A331C9240680000A985 /* ViewController.swift */,
				4C977A431C9248810000A985 /* SignupViewController.swift */,
				4CF0105A1C9C8F0B00F01F33 /* AccountViewController.swift */,
				4C51E1F51C9F628900622B71 /* HomeTableViewController.swift */,
				4C51E1F71C9F62DE00622B71 /* HomeTableViewCell.swift */,
				9CFA7DE41CA208A3009D7FB2 /* PostTemplateViewController.swift */,
				4C1CCD291CA781A0002C39E2 /* MessageViewController.swift */,
				9C84825F1CAB4D0A00ABE9B2 /* SettingsTableViewController.swift */,
				9C56BBB01CB32C95003723C9 /* MyMessagesTableViewController.swift */,
				9C20CE771CA34A3E0061AC7F /* Main.storyboard */,
				4C977A381C9240680000A985 /* Assets.xcassets */,
				4C977A3A1C9240680000A985 /* LaunchScreen.storyboard */,
				4C977A3D1C9240680000A985 /* Info.plist */,
				9C0D05331CA3828100AF897C /* GROUP11README.rtf */,
			);
			path = VenDecor;
			sourceTree = "<group>";
		};
		546BAC97EFAD1A924727D7E9 /* Frameworks */ = {
			isa = PBXGroup;
			children = (
				7D96E1BC62F7158C6E662DC3 /* Pods_VenDecor.framework */,
			);
			name = Frameworks;
			sourceTree = "<group>";
		};
		9C0D05321CA3815000AF897C /* images */ = {
			isa = PBXGroup;
			children = (
				9C84825B1CAB474600ABE9B2 /* cogwheel.png */,
				4C1CCD231CA706FA002C39E2 /* my-account.png */,
				9C0D05301CA379E600AF897C /* photo.png */,
				4C4079021CA5F6EE001CDA64 /* burgerMenu.png */,
				4C1CCD191CA6FB89002C39E2 /* saved-posts.png */,
				9C0D052C1CA377F300AF897C /* sell.png */,
				4C1CCD151CA6FA83002C39E2 /* home.png */,
				4C1CCD271CA7770D002C39E2 /* Sample.png */,
				71EE4A691C9F438400A37B51 /* Logo.png */,
				4C1CCD171CA6FB32002C39E2 /* sell-sidebar.png */,
				71EE4A6A1C9F438400A37B51 /* SingleLineLogo.png */,
				4C1CCD1B1CA6FBE8002C39E2 /* messages.png */,
				71EE4A661C9F415100A37B51 /* profile.png */,
				4C51E2011C9F7A1500622B71 /* camera.png */,
			);
			name = images;
			sourceTree = "<group>";
		};
		FED60D01858869C0F38F5A92 /* Pods */ = {
			isa = PBXGroup;
			children = (
				A2E6D9FA1C003CA6EC5055F9 /* Pods-VenDecor.debug.xcconfig */,
				98363C8C91B7119F33DF75E6 /* Pods-VenDecor.release.xcconfig */,
			);
			name = Pods;
			sourceTree = "<group>";
		};
/* End PBXGroup section */

/* Begin PBXNativeTarget section */
		4C977A2D1C9240680000A985 /* VenDecor */ = {
			isa = PBXNativeTarget;
			buildConfigurationList = 4C977A401C9240680000A985 /* Build configuration list for PBXNativeTarget "VenDecor" */;
			buildPhases = (
				3DCFE3650DBCC7C47FE1B6D4 /* Check Pods Manifest.lock */,
				4C977A2A1C9240680000A985 /* Sources */,
				4C977A2B1C9240680000A985 /* Frameworks */,
				4C977A2C1C9240680000A985 /* Resources */,
				A58C958A39C54D01BA3DA608 /* Embed Pods Frameworks */,
				FA3D27DFDFF6381CFC57F51F /* Copy Pods Resources */,
			);
			buildRules = (
			);
			dependencies = (
			);
			name = VenDecor;
			productName = VenDecor;
			productReference = 4C977A2E1C9240680000A985 /* VenDecor.app */;
			productType = "com.apple.product-type.application";
		};
/* End PBXNativeTarget section */

/* Begin PBXProject section */
		4C977A261C9240680000A985 /* Project object */ = {
			isa = PBXProject;
			attributes = {
				LastSwiftUpdateCheck = 0730;
				LastUpgradeCheck = 0720;
				ORGANIZATIONNAME = cs378;
				TargetAttributes = {
					4C977A2D1C9240680000A985 = {
						CreatedOnToolsVersion = 7.2.1;
						DevelopmentTeam = 76SZ5KGJ7K;
					};
				};
			};
			buildConfigurationList = 4C977A291C9240680000A985 /* Build configuration list for PBXProject "VenDecor" */;
			compatibilityVersion = "Xcode 3.2";
			developmentRegion = English;
			hasScannedForEncodings = 0;
			knownRegions = (
				en,
				Base,
			);
			mainGroup = 4C977A251C9240680000A985;
			productRefGroup = 4C977A2F1C9240680000A985 /* Products */;
			projectDirPath = "";
			projectRoot = "";
			targets = (
				4C977A2D1C9240680000A985 /* VenDecor */,
			);
		};
/* End PBXProject section */

/* Begin PBXResourcesBuildPhase section */
		4C977A2C1C9240680000A985 /* Resources */ = {
			isa = PBXResourcesBuildPhase;
			buildActionMask = 2147483647;
			files = (
				4C1CCD181CA6FB32002C39E2 /* sell-sidebar.png in Resources */,
				9C84825C1CAB474600ABE9B2 /* cogwheel.png in Resources */,
				9C0D05341CA3828100AF897C /* GROUP11README.rtf in Resources */,
				71EE4A6C1C9F438400A37B51 /* SingleLineLogo.png in Resources */,
				4C1CCD1A1CA6FB89002C39E2 /* saved-posts.png in Resources */,
				9C0D052D1CA377F300AF897C /* sell.png in Resources */,
				4C51E2021C9F7A1500622B71 /* camera.png in Resources */,
				4C1CCD1C1CA6FBE8002C39E2 /* messages.png in Resources */,
				4C977A3C1C9240680000A985 /* LaunchScreen.storyboard in Resources */,
				4C977A391C9240680000A985 /* Assets.xcassets in Resources */,
				71EE4A6B1C9F438400A37B51 /* Logo.png in Resources */,
				4C1CCD281CA7770D002C39E2 /* Sample.png in Resources */,
				9C20CE781CA34A3E0061AC7F /* Main.storyboard in Resources */,
				4C4079031CA5F6EE001CDA64 /* burgerMenu.png in Resources */,
				4C1CCD161CA6FA83002C39E2 /* home.png in Resources */,
				71EE4A681C9F415100A37B51 /* profile.png in Resources */,
				9C0D05311CA379E600AF897C /* photo.png in Resources */,
				4C1CCD241CA706FA002C39E2 /* my-account.png in Resources */,
			);
			runOnlyForDeploymentPostprocessing = 0;
		};
/* End PBXResourcesBuildPhase section */

/* Begin PBXShellScriptBuildPhase section */
		3DCFE3650DBCC7C47FE1B6D4 /* Check Pods Manifest.lock */ = {
			isa = PBXShellScriptBuildPhase;
			buildActionMask = 2147483647;
			files = (
			);
			inputPaths = (
			);
			name = "Check Pods Manifest.lock";
			outputPaths = (
			);
			runOnlyForDeploymentPostprocessing = 0;
			shellPath = /bin/sh;
			shellScript = "diff \"${PODS_ROOT}/../Podfile.lock\" \"${PODS_ROOT}/Manifest.lock\" > /dev/null\nif [[ $? != 0 ]] ; then\n    cat << EOM\nerror: The sandbox is not in sync with the Podfile.lock. Run 'pod install' or update your CocoaPods installation.\nEOM\n    exit 1\nfi\n";
			showEnvVarsInLog = 0;
		};
		A58C958A39C54D01BA3DA608 /* Embed Pods Frameworks */ = {
			isa = PBXShellScriptBuildPhase;
			buildActionMask = 2147483647;
			files = (
			);
			inputPaths = (
			);
			name = "Embed Pods Frameworks";
			outputPaths = (
			);
			runOnlyForDeploymentPostprocessing = 0;
			shellPath = /bin/sh;
			shellScript = "\"${SRCROOT}/Pods/Target Support Files/Pods-VenDecor/Pods-VenDecor-frameworks.sh\"\n";
			showEnvVarsInLog = 0;
		};
		FA3D27DFDFF6381CFC57F51F /* Copy Pods Resources */ = {
			isa = PBXShellScriptBuildPhase;
			buildActionMask = 2147483647;
			files = (
			);
			inputPaths = (
			);
			name = "Copy Pods Resources";
			outputPaths = (
			);
			runOnlyForDeploymentPostprocessing = 0;
			shellPath = /bin/sh;
			shellScript = "\"${SRCROOT}/Pods/Target Support Files/Pods-VenDecor/Pods-VenDecor-resources.sh\"\n";
			showEnvVarsInLog = 0;
		};
/* End PBXShellScriptBuildPhase section */

/* Begin PBXSourcesBuildPhase section */
		4C977A2A1C9240680000A985 /* Sources */ = {
			isa = PBXSourcesBuildPhase;
			buildActionMask = 2147483647;
			files = (
				4C51E1F81C9F62DE00622B71 /* HomeTableViewCell.swift in Sources */,
				4C1CCD2A1CA781A0002C39E2 /* MessageViewController.swift in Sources */,
				4C977A441C9248810000A985 /* SignupViewController.swift in Sources */,
				9C8482601CAB4D0A00ABE9B2 /* SettingsTableViewController.swift in Sources */,
				4C977A341C9240680000A985 /* ViewController.swift in Sources */,
				4C1CCD111CA6E9CD002C39E2 /* SWRevealViewController.m in Sources */,
				4CF0105B1C9C8F0B00F01F33 /* AccountViewController.swift in Sources */,
				9C56BBB11CB32C95003723C9 /* MyMessagesTableViewController.swift in Sources */,
				4C977A321C9240680000A985 /* AppDelegate.swift in Sources */,
				9CFA7DE51CA208A3009D7FB2 /* PostTemplateViewController.swift in Sources */,
				4C51E1F61C9F628900622B71 /* HomeTableViewController.swift in Sources */,
			);
			runOnlyForDeploymentPostprocessing = 0;
		};
/* End PBXSourcesBuildPhase section */

/* Begin PBXVariantGroup section */
		4C977A3A1C9240680000A985 /* LaunchScreen.storyboard */ = {
			isa = PBXVariantGroup;
			children = (
				4C977A3B1C9240680000A985 /* Base */,
			);
			name = LaunchScreen.storyboard;
			sourceTree = "<group>";
		};
/* End PBXVariantGroup section */

/* Begin XCBuildConfiguration section */
		4C977A3E1C9240680000A985 /* Debug */ = {
			isa = XCBuildConfiguration;
			buildSettings = {
				ALWAYS_SEARCH_USER_PATHS = NO;
				CLANG_CXX_LANGUAGE_STANDARD = "gnu++0x";
				CLANG_CXX_LIBRARY = "libc++";
				CLANG_ENABLE_MODULES = YES;
				CLANG_ENABLE_OBJC_ARC = YES;
				CLANG_WARN_BOOL_CONVERSION = YES;
				CLANG_WARN_CONSTANT_CONVERSION = YES;
				CLANG_WARN_DIRECT_OBJC_ISA_USAGE = YES_ERROR;
				CLANG_WARN_EMPTY_BODY = YES;
				CLANG_WARN_ENUM_CONVERSION = YES;
				CLANG_WARN_INT_CONVERSION = YES;
				CLANG_WARN_OBJC_ROOT_CLASS = YES_ERROR;
				CLANG_WARN_UNREACHABLE_CODE = YES;
				CLANG_WARN__DUPLICATE_METHOD_MATCH = YES;
				"CODE_SIGN_IDENTITY[sdk=iphoneos*]" = "iPhone Developer";
				COPY_PHASE_STRIP = NO;
				DEBUG_INFORMATION_FORMAT = dwarf;
				ENABLE_STRICT_OBJC_MSGSEND = YES;
				ENABLE_TESTABILITY = YES;
				GCC_C_LANGUAGE_STANDARD = gnu99;
				GCC_DYNAMIC_NO_PIC = NO;
				GCC_NO_COMMON_BLOCKS = YES;
				GCC_OPTIMIZATION_LEVEL = 0;
				GCC_PREPROCESSOR_DEFINITIONS = (
					"DEBUG=1",
					"$(inherited)",
				);
				GCC_WARN_64_TO_32_BIT_CONVERSION = YES;
				GCC_WARN_ABOUT_RETURN_TYPE = YES_ERROR;
				GCC_WARN_UNDECLARED_SELECTOR = YES;
				GCC_WARN_UNINITIALIZED_AUTOS = YES_AGGRESSIVE;
				GCC_WARN_UNUSED_FUNCTION = YES;
				GCC_WARN_UNUSED_VARIABLE = YES;
				IPHONEOS_DEPLOYMENT_TARGET = 9.2;
				MTL_ENABLE_DEBUG_INFO = YES;
				ONLY_ACTIVE_ARCH = YES;
				SDKROOT = iphoneos;
				SWIFT_OPTIMIZATION_LEVEL = "-Onone";
				TARGETED_DEVICE_FAMILY = "1,2";
			};
			name = Debug;
		};
		4C977A3F1C9240680000A985 /* Release */ = {
			isa = XCBuildConfiguration;
			buildSettings = {
				ALWAYS_SEARCH_USER_PATHS = NO;
				CLANG_CXX_LANGUAGE_STANDARD = "gnu++0x";
				CLANG_CXX_LIBRARY = "libc++";
				CLANG_ENABLE_MODULES = YES;
				CLANG_ENABLE_OBJC_ARC = YES;
				CLANG_WARN_BOOL_CONVERSION = YES;
				CLANG_WARN_CONSTANT_CONVERSION = YES;
				CLANG_WARN_DIRECT_OBJC_ISA_USAGE = YES_ERROR;
				CLANG_WARN_EMPTY_BODY = YES;
				CLANG_WARN_ENUM_CONVERSION = YES;
				CLANG_WARN_INT_CONVERSION = YES;
				CLANG_WARN_OBJC_ROOT_CLASS = YES_ERROR;
				CLANG_WARN_UNREACHABLE_CODE = YES;
				CLANG_WARN__DUPLICATE_METHOD_MATCH = YES;
				"CODE_SIGN_IDENTITY[sdk=iphoneos*]" = "iPhone Developer";
				COPY_PHASE_STRIP = NO;
				DEBUG_INFORMATION_FORMAT = "dwarf-with-dsym";
				ENABLE_NS_ASSERTIONS = NO;
				ENABLE_STRICT_OBJC_MSGSEND = YES;
				GCC_C_LANGUAGE_STANDARD = gnu99;
				GCC_NO_COMMON_BLOCKS = YES;
				GCC_WARN_64_TO_32_BIT_CONVERSION = YES;
				GCC_WARN_ABOUT_RETURN_TYPE = YES_ERROR;
				GCC_WARN_UNDECLARED_SELECTOR = YES;
				GCC_WARN_UNINITIALIZED_AUTOS = YES_AGGRESSIVE;
				GCC_WARN_UNUSED_FUNCTION = YES;
				GCC_WARN_UNUSED_VARIABLE = YES;
				IPHONEOS_DEPLOYMENT_TARGET = 9.2;
				MTL_ENABLE_DEBUG_INFO = NO;
				SDKROOT = iphoneos;
				TARGETED_DEVICE_FAMILY = "1,2";
				VALIDATE_PRODUCT = YES;
			};
			name = Release;
		};
		4C977A411C9240680000A985 /* Debug */ = {
			isa = XCBuildConfiguration;
			baseConfigurationReference = A2E6D9FA1C003CA6EC5055F9 /* Pods-VenDecor.debug.xcconfig */;
			buildSettings = {
				ASSETCATALOG_COMPILER_APPICON_NAME = AppIcon;
				CLANG_ENABLE_MODULES = YES;
				CODE_SIGN_IDENTITY = "iPhone Developer";
				"CODE_SIGN_IDENTITY[sdk=iphoneos*]" = "iPhone Developer";
				INFOPLIST_FILE = VenDecor/Info.plist;
				IPHONEOS_DEPLOYMENT_TARGET = 9.1;
				LD_RUNPATH_SEARCH_PATHS = "$(inherited) @executable_path/Frameworks";
				PRODUCT_BUNDLE_IDENTIFIER = cs378.VenDecor;
				PRODUCT_NAME = "$(TARGET_NAME)";
				PROVISIONING_PROFILE = "";
				SWIFT_OBJC_BRIDGING_HEADER = "VenDecor/VenDecor-Bridging-Header.h";
				SWIFT_OPTIMIZATION_LEVEL = "-Onone";
			};
			name = Debug;
		};
		4C977A421C9240680000A985 /* Release */ = {
			isa = XCBuildConfiguration;
			baseConfigurationReference = 98363C8C91B7119F33DF75E6 /* Pods-VenDecor.release.xcconfig */;
			buildSettings = {
				ASSETCATALOG_COMPILER_APPICON_NAME = AppIcon;
				CLANG_ENABLE_MODULES = YES;
				CODE_SIGN_IDENTITY = "iPhone Developer";
				"CODE_SIGN_IDENTITY[sdk=iphoneos*]" = "iPhone Developer";
				INFOPLIST_FILE = VenDecor/Info.plist;
				IPHONEOS_DEPLOYMENT_TARGET = 9.1;
				LD_RUNPATH_SEARCH_PATHS = "$(inherited) @executable_path/Frameworks";
				PRODUCT_BUNDLE_IDENTIFIER = cs378.VenDecor;
				PRODUCT_NAME = "$(TARGET_NAME)";
				PROVISIONING_PROFILE = "";
				SWIFT_OBJC_BRIDGING_HEADER = "VenDecor/VenDecor-Bridging-Header.h";
			};
			name = Release;
		};
/* End XCBuildConfiguration section */

/* Begin XCConfigurationList section */
		4C977A291C9240680000A985 /* Build configuration list for PBXProject "VenDecor" */ = {
			isa = XCConfigurationList;
			buildConfigurations = (
				4C977A3E1C9240680000A985 /* Debug */,
				4C977A3F1C9240680000A985 /* Release */,
			);
			defaultConfigurationIsVisible = 0;
			defaultConfigurationName = Release;
		};
		4C977A401C9240680000A985 /* Build configuration list for PBXNativeTarget "VenDecor" */ = {
			isa = XCConfigurationList;
			buildConfigurations = (
				4C977A411C9240680000A985 /* Debug */,
				4C977A421C9240680000A985 /* Release */,
			);
			defaultConfigurationIsVisible = 0;
			defaultConfigurationName = Release;
		};
/* End XCConfigurationList section */
	};
	rootObject = 4C977A261C9240680000A985 /* Project object */;
}
